
Microsoft Visual Studio Solution File, Format Version 12.00
# Visual Studio Version 17
VisualStudioVersion = 17.2.32616.157
MinimumVisualStudioVersion = 10.0.40219.1
Project("{8BC9CEB8-8B4A-11D0-8D11-00A0C91BC942}") = "TestToolbar01", "TestToolbar01\TestToolbar01.vcxproj", "{59F2D5FA-5ADB-43F5-B48F-E7902194E9B5}"
EndProject
Global
	GlobalSection(SolutionConfigurationPlatforms) = preSolution
		Debug|x64 = Debug|x64
		Debug|x86 = Debug|x86
		Release|x64 = Release|x64
		Release|x86 = Release|x86
	EndGlobalSection
	GlobalSection(ProjectConfigurationPlatforms) = postSolution
		{59F2D5FA-5ADB-43F5-B48F-E7902194E9B5}.Debug|x64.ActiveCfg = Debug|x64
		{59F2D5FA-5ADB-43F5-B48F-E7902194E9B5}.Debug|x64.Build.0 = Debug|x64
		{59F2D5FA-5ADB-43F5-B48F-E7902194E9B5}.Debug|x86.ActiveCfg = Debug|Win32
		{59F2D5FA-5ADB-43F5-B48F-E7902194E9B5}.Debug|x86.Build.0 = Debug|Win32
		{59F2D5FA-5ADB-43F5-B48F-E7902194E9B5}.Release|x64.ActiveCfg = Release|x64
		{59F2D5FA-5ADB-43F5-B48F-E7902194E9B5}.Release|x64.Build.0 = Release|x64
		{59F2D5FA-5ADB-43F5-B48F-E7902194E9B5}.Release|x86.ActiveCfg = Release|Win32
		{59F2D5FA-5ADB-43F5-B48F-E7902194E9B5}.Release|x86.Build.0 = Release|Win32
	EndGlobalSection
	GlobalSection(SolutionProperties) = preSolution
		HideSolutionNode = FALSE
	EndGlobalSection
	GlobalSection(ExtensibilityGlobals) = postSolution
		SolutionGuid = {B5C39301-BD1B-4C64-9152-1B806DD99341}
	EndGlobalSection
EndGlobal
